{
  "name": "js",
  "lockfileVersion": 3,
  "requires": true,
  "packages": {
    "": {
      "dependencies": {
        "@datastructures-js/deque": "^1.0.8"
      }
    },
    "node_modules/@datastructures-js/deque": {
      "version": "1.0.8",
      "resolved": "https://registry.npmjs.org/@datastructures-js/deque/-/deque-1.0.8.tgz",
      "integrity": "sha512-PSBhJ2/SmeRPRHuBv7i/fHWIdSC3JTyq56qb+Rq0wjOagi0/fdV5/B/3Md5zFZus/W6OkSPMaxMKKMNMrSmubg==",
      "license": "MIT"
    }
  }
}
